<?xml version="1.0" encoding="utf-8"?>
<Project ToolsVersion="4.0" xmlns="http://schemas.microsoft.com/developer/msbuild/2003">
  <ItemGroup>
    <Filter Include="src">
      <UniqueIdentifier>{9234b6aa-8cc1-4ecf-a696-64a801398ad1}</UniqueIdentifier>
    </Filter>
    <Filter Include="src\core">
      <UniqueIdentifier>{f5f6c197-0a2c-4e37-9aa3-0955f606ea5f}</UniqueIdentifier>
    </Filter>
    <Filter Include="headers">
      <UniqueIdentifier>{ed6da903-a59d-4254-9799-5353cb91d450}</UniqueIdentifier>
    </Filter>
    <Filter Include="headers\core">
      <UniqueIdentifier>{e5efe2cd-4757-4e2a-849a-b47d64c0d6af}</UniqueIdentifier>
    </Filter>
    <Filter Include="src\math">
      <UniqueIdentifier>{2af92deb-0b02-4e57-b9aa-82993414e202}</UniqueIdentifier>
    </Filter>
    <Filter Include="headers\math">
      <UniqueIdentifier>{59bb92ff-336d-4538-b993-b6e0cb57d3a1}</UniqueIdentifier>
    </Filter>
  </ItemGroup>
  <ItemGroup>
    <ClCompile Include="src\main.cpp" />
    <ClCompile Include="src\core\game.cpp">
      <Filter>src\core</Filter>
    </ClCompile>
    <ClCompile Include="src\Player.cpp" />
    <ClCompile Include="src\math\Vector2.cpp">
      <Filter>src\math</Filter>
    </ClCompile>
    <ClCompile Include="src\render\Sprite.cpp" />
    <ClCompile Include="src\GameScreen.cpp" />
    <ClCompile Include="src\ScreenManager.cpp" />
  </ItemGroup>
  <ItemGroup>
    <ClInclude Include="src\core\game.h">
      <Filter>headers\core</Filter>
    </ClInclude>
    <ClInclude Include="src\Player.h" />
    <ClInclude Include="src\math\Vector2.h">
      <Filter>headers\math</Filter>
    </ClInclude>
    <ClInclude Include="src\render\Sprite.h" />
    <ClInclude Include="src\GameScreen.h" />
    <ClInclude Include="src\ScreenManager.h" />
  </ItemGroup>
</Project>